github.com/OneOfOne/xxhash v1.2.8 h1:31czK/TI9sNkxIKfaUfGlU47BAxQ0ztGgd9vPyqimf8=
github.com/OneOfOne/xxhash v1.2.8/go.mod h1:eZbhyaAYD41SGSSsnmcpxVoRiQ/MPUTjUdIIOT9Um7Q=
github.com/aws/aws-sdk-go v1.55.7 h1:UJrkFq7es5CShfBwlWAC8DA077vp8PyVbQd3lqLiztE=
github.com/aws/aws-sdk-go v1.55.7/go.mod h1:eRwEWoyTWFMVYVQzKMNHWP5/RV4xIUGMQfXQHfHkpNU=
github.com/davecgh/go-spew v1.1.0/go.mod h1:J7Y8YcW2NihsgmVo/mv3lAwl/skON4iLHjSsI+c5H38=
github.com/davecgh/go-spew v1.1.1 h1:vj9j/u1bqnvCEfJOwUhtlOARqs3+rkHYY13jYWTU97c=
github.com/davecgh/go-spew v1.1.1/go.mod h1:J7Y8YcW2NihsgmVo/mv3lAwl/skON4iLHjSsI+c5H38=
github.com/donomii/ensemblekv v0.0.0-20251018064211-dd2969cb14af h1:qedHso7UBVf2Kdo8ez1FfsgT7SBWbl51+o2X5xLBiD0=
github.com/donomii/ensemblekv v0.0.0-20251018064211-dd2969cb14af/go.mod h1:h3DQSjnfw5oQUm/gdS0CjKen4IBQDYTtUu720vva0tQ=
github.com/donomii/ensemblekv v0.0.0-20251018202937-37d3d95ea284 h1:SFTxOYymInl4g4YApGKl+/qOpKS3Xth8jO9ge6Gm2vY=
github.com/donomii/ensemblekv v0.0.0-20251018202937-37d3d95ea284/go.mod h1:tttuJjvoNMGxxCrC13JmlBO34sbJZ0V+eX3Lv0o+bpc=
github.com/donomii/ensemblekv v0.0.0-20251019174700-e43bb5eb6ccf h1:hMnKx3FoFt4fJjvZOE4VNJQTj5qQPT355keoAH/eRpI=
github.com/donomii/ensemblekv v0.0.0-20251019174700-e43bb5eb6ccf/go.mod h1:tttuJjvoNMGxxCrC13JmlBO34sbJZ0V+eX3Lv0o+bpc=
github.com/donomii/ensemblekv v0.0.0-20251024142805-4b44c23aa4bd h1:pCyPjZH0plvc7nauYGKsrENseoNxU6Atz+iPJQ3RDF0=
github.com/donomii/ensemblekv v0.0.0-20251024142805-4b44c23aa4bd/go.mod h1:tttuJjvoNMGxxCrC13JmlBO34sbJZ0V+eX3Lv0o+bpc=
github.com/donomii/ensemblekv v0.0.0-20251025011318-128defad29db h1:rKDtYuyXRFSXT141sgOxW853yqs1tO+N3UoqKHGx77w=
github.com/donomii/ensemblekv v0.0.0-20251025011318-128defad29db/go.mod h1:tttuJjvoNMGxxCrC13JmlBO34sbJZ0V+eX3Lv0o+bpc=
github.com/donomii/ensemblekv v0.0.0-20251025021627-8434972bad62 h1:wzq/c8b8BRfRdkUJGLJrCFh2jilb/18pHwg8Ptd3L7w=
github.com/donomii/ensemblekv v0.0.0-20251025021627-8434972bad62/go.mod h1:tttuJjvoNMGxxCrC13JmlBO34sbJZ0V+eX3Lv0o+bpc=
github.com/donomii/ensemblekv v0.0.0-20251028183756-80f630436954 h1:diP+tAmhIH/MvJ6E7xL9i09Xxy8iyNrOCNqLfe/ZXh4=
github.com/donomii/ensemblekv v0.0.0-20251028183756-80f630436954/go.mod h1:tttuJjvoNMGxxCrC13JmlBO34sbJZ0V+eX3Lv0o+bpc=
github.com/donomii/ensemblekv v0.0.0-20251101201742-ddcb082cecfa h1:uA536jI0B974sL2G2OM1+qSfuXJ0mFzxitsXvVdIgcY=
github.com/donomii/ensemblekv v0.0.0-20251101201742-ddcb082cecfa/go.mod h1:tttuJjvoNMGxxCrC13JmlBO34sbJZ0V+eX3Lv0o+bpc=
github.com/donomii/frogpond v0.0.0-20251018170253-f2571ed50b51 h1:kdGluKUDujk1eVr1QCdNF0OpvZLoJ60nOpb5BvJZH30=
github.com/donomii/frogpond v0.0.0-20251018170253-f2571ed50b51/go.mod h1:oBeVu0d/IKMY2PemElAIg1HxilcjKlooW1bJo92nfAs=
github.com/donomii/go-webdav v0.0.0-20240304173232-8e8f80405603 h1:HRiyOGzVcZXTPYoVvgQXvGkihQm6EkoySvn1kwDjm9w=
github.com/donomii/go-webdav v0.0.0-20240304173232-8e8f80405603/go.mod h1:XjgSq+4FdCpHaTo50Q8My9yhJxzlC5pUbkyPHVMKoHM=
github.com/donomii/goof v0.0.0-20241124064022-84f417f466df h1:E7wMk63HGHhk5wzNRDkwnckq1aFXDRXeZNfuJQf/NVE=
github.com/donomii/goof v0.0.0-20241124064022-84f417f466df/go.mod h1:ZgIjtvUfBzQ+0aQmB+UWVb2fhB0HmbFwu76laXvZLAY=
github.com/dustin/go-humanize v1.0.1 h1:GzkhY7T5VNhEkwH0PVJgjz+fX1rhBrR7pRT3mDkpeCY=
github.com/dustin/go-humanize v1.0.1/go.mod h1:Mu1zIs6XwVuF/gI1OepvI0qD18qycQx+mFykh5fBlto=
github.com/emersion/go-ical v0.0.0-20220601085725-0864dccc089f/go.mod h1:2MKFUgfNMULRxqZkadG1Vh44we3y5gJAtTBlVsx1BKQ=
github.com/emersion/go-vcard v0.0.0-20230815062825-8fda7d206ec9/go.mod h1:HMJKR5wlh/ziNp+sHEDV2ltblO4JD2+IdDOWtGcQBTM=
github.com/fsnotify/fsnotify v1.7.0 h1:8JEhPFa5W2WU7YfeZzPNqzMP6Lwt7L2715Ggo0nosvA=
github.com/fsnotify/fsnotify v1.7.0/go.mod h1:40Bi/Hjc2AVfZrqy+aj+yEI+/bRxZnMJyTJwOpGvigM=
github.com/go-logr/logr v1.3.0 h1:2y3SDp0ZXuc6/cjLSZ+Q3ir+QB9T/iG5yYRXqsagWSY=
github.com/go-logr/logr v1.3.0/go.mod h1:9T104GzyrTigFIr8wt5mBrctHMim0Nb2HLGrmQ40KvY=
github.com/google/uuid v1.6.0 h1:NIvaJDMOsjHA8n1jAhLSgzrAzy1Hgr+hNrb57e+94F0=
github.com/google/uuid v1.6.0/go.mod h1:TIyPZe4MgqvfeYDBFedMoGGpEw/LqOeaOT+nhxU+yHo=
github.com/hashicorp/golang-lru/v2 v2.0.7 h1:a+bsQ5rvGLjzHuww6tVxozPZFVghXaHOwFs4luLUK2k=
github.com/hashicorp/golang-lru/v2 v2.0.7/go.mod h1:QeFd9opnmA6QUJc5vARoKUSoFhyfM2/ZepoAG6RGpeM=
github.com/iand/gonudb v0.4.4 h1:HP22OMc+rdak2EfIychFCayhf40kYAZ/CXCP7K1u1vU=
github.com/iand/gonudb v0.4.4/go.mod h1:DUN3Y3YUMBqxnm+9kRCpmCCXcUiBQEhxzMR2h3s2MnM=
github.com/jmespath/go-jmespath v0.4.0 h1:BEgLn5cpjn8UN1mAw4NjwDrS35OdebyEtFe+9YPoQUg=
github.com/jmespath/go-jmespath v0.4.0/go.mod h1:T8mJZnbsbmF+m6zOOFylbeCJqk5+pHWvzYPziyZiYoo=
github.com/jmespath/go-jmespath/internal/testify v1.5.1 h1:shLQSRRSCCPj3f2gpwzGwWFoC7ycTf1rcQZHOlsJ6N8=
github.com/jmespath/go-jmespath/internal/testify v1.5.1/go.mod h1:L3OGu8Wl2/fWfCI6z80xFu9LTZmf1ZRjMHUOPmWr69U=
github.com/mattn/go-isatty v0.0.20 h1:xfD0iDuEKnDkl03q4limB+vH+GxLEtL/jb4xVJSWWEY=
github.com/mattn/go-isatty v0.0.20/go.mod h1:W+V8PltTTMOvKvAeJH7IuucS94S2C6jfK/D7dTCTo3Y=
github.com/mostlygeek/arp v0.0.0-20170424181311-541a2129847a h1:AfneHvfmYgUIcgdUrrDFklLdEzQAvG9AKRTe1x1mx/0=
github.com/mostlygeek/arp v0.0.0-20170424181311-541a2129847a/go.mod h1:jZxafo9CAqaKFQE4zitrg5QNlA6CXUsjwXPlIppF3tk=
github.com/ncruces/go-strftime v0.1.9 h1:bY0MQC28UADQmHmaF5dgpLmImcShSi2kHU9XLdhx/f4=
github.com/ncruces/go-strftime v0.1.9/go.mod h1:Fwc5htZGVVkseilnfgOVb9mKy6w1naJmn9CehxcKcls=
github.com/petermattis/goid v0.0.0-20250813065127-a731cc31b4fe h1:vHpqOnPlnkba8iSxU4j/CvDSS9J4+F4473esQsYLGoE=
github.com/petermattis/goid v0.0.0-20250813065127-a731cc31b4fe/go.mod h1:pxMtw7cyUw6B2bRH0ZBANSPg+AoSud1I1iyJHI69jH4=
github.com/pmezard/go-difflib v1.0.0 h1:4DBwDE0NGyQoBHbLQYPwSUPoCMWR5BEzIk/f1lZbAQM=
github.com/pmezard/go-difflib v1.0.0/go.mod h1:iKH77koFhYxTK1pcRnkKkqfTogsbg7gZNVY4sRDYZ/4=
github.com/recoilme/pudge v1.0.3 h1:h/9dEv5fRqtzM4lnO69kUoN+k7ukxxrW9NGb9ug0grM=
github.com/recoilme/pudge v1.0.3/go.mod h1:VMvxBLVkrSStldckzCsETBXox3pfovfrnEchafXk8qA=
github.com/remyoudompheng/bigfft v0.0.0-20230129092748-24d4a6f8daec h1:W09IVJc94icq4NjY3clb7Lk8O1qJ8BdBEF8z0ibU0rE=
github.com/remyoudompheng/bigfft v0.0.0-20230129092748-24d4a6f8daec/go.mod h1:qqbHyh8v60DhA7CoWK5oRCqLrMHRGoxYCSS9EjAz6Eo=
github.com/sasha-s/go-deadlock v0.3.6 h1:TR7sfOnZ7x00tWPfD397Peodt57KzMDo+9Ae9rMiUmw=
github.com/sasha-s/go-deadlock v0.3.6/go.mod h1:CUqNyyvMxTyjFqDT7MRg9mb4Dv/btmGTqSR+rky/UXo=
github.com/stretchr/objx v0.1.0/go.mod h1:HFkY916IF+rwdDfMAkV7OtwuqBVzrE8GR6GFx+wExME=
github.com/stretchr/testify v1.8.4 h1:CcVxjf3Q8PM0mHUKJCdn+eZZtm5yQwehR5yeSVQQcUk=
github.com/stretchr/testify v1.8.4/go.mod h1:sz/lmYIOXD/1dqDmKjjqLyZ2RngseejIcXlSw2iwfAo=
github.com/tchap/go-patricia v1.0.1 h1:q5LEI+jYfwV/VWMM4e9TcVd32f1KrOZ29GYDrJtU3z4=
github.com/tchap/go-patricia v1.0.1/go.mod h1:bmLyhP68RS6kStMGxByiQ23RP/odRBOTVjwp2cDyi6I=
github.com/teambition/rrule-go v1.7.2/go.mod h1:mBJ1Ht5uboJ6jexKdNUJg2NcwP8uUMNvStWXlJD3MvU=
github.com/teambition/rrule-go v1.8.2/go.mod h1:Ieq5AbrKGciP1V//Wq8ktsTXwSwJHDD5mD/wLBGl3p4=
github.com/webview/webview_go v0.0.0-20240831120633-6173450d4dd6 h1:VQpB2SpK88C6B5lPHTuSZKb2Qee1QWwiFlC5CKY4AW0=
github.com/webview/webview_go v0.0.0-20240831120633-6173450d4dd6/go.mod h1:yE65LFCeWf4kyWD5re+h4XNvOHJEXOCOuJZ4v8l5sgk=
go.etcd.io/bbolt v1.3.11 h1:yGEzV1wPz2yVCLsD8ZAiGHhHVlczyC9d1rP43/VCRJ0=
go.etcd.io/bbolt v1.3.11/go.mod h1:dksAq7YMXoljX0xu6VF5DMZGbhYYoLUalEiSySYAS4I=
golang.org/x/sync v0.17.0 h1:l60nONMj9l5drqw6jlhIELNv9I0A4OFgRsG9k2oT9Ug=
golang.org/x/sync v0.17.0/go.mod h1:9KTHXmSnoGruLpwFjVSX0lNNA75CykiMECbovNTZqGI=
golang.org/x/sys v0.6.0/go.mod h1:oPkhp1MJrh7nUepCBck5+mAzfO9JrbApNNgaTdGDITg=
golang.org/x/sys v0.30.0 h1:QjkSwP/36a20jFYWkSue1YwXzLmsV5Gfq7Eiy72C1uc=
golang.org/x/sys v0.30.0/go.mod h1:/VUhepiaJMQUp4+oa/7Zr1D23ma6VTLIYjOOTFZPUcA=
gopkg.in/check.v1 v0.0.0-20161208181325-20d25e280405/go.mod h1:Co6ibVJAznAaIkqp8huTwlJQCZ016jof/cbN4VW5Yz0=
gopkg.in/yaml.v2 v2.2.8 h1:obN1ZagJSUGI0Ek/LBmuj4SNLPfIny3KsKFopxRdj10=
gopkg.in/yaml.v2 v2.2.8/go.mod h1:hI93XBmqTisBFMUTm0b8Fm+jr3Dg1NNxqwp+5A1VGuI=
gopkg.in/yaml.v3 v3.0.1 h1:fxVm/GzAzEWqLHuvctI91KS9hhNmmWOoWu0XTYJS7CA=
gopkg.in/yaml.v3 v3.0.1/go.mod h1:K4uyk7z7BCEPqu6E+C64Yfv1cQ7kz7rIZviUmN+EgEM=
modernc.org/gc/v3 v3.0.0-20240107210532-573471604cb6 h1:5D53IMaUuA5InSeMu9eJtlQXS2NxAhyWQvkKEgXZhHI=
modernc.org/gc/v3 v3.0.0-20240107210532-573471604cb6/go.mod h1:Qz0X07sNOR1jWYCrJMEnbW/X55x206Q7Vt4mz6/wHp4=
modernc.org/libc v1.55.3 h1:AzcW1mhlPNrRtjS5sS+eW2ISCgSOLLNyFzRh/V3Qj/U=
modernc.org/libc v1.55.3/go.mod h1:qFXepLhz+JjFThQ4kzwzOjA/y/artDeg+pcYnY+Q83w=
modernc.org/mathutil v1.6.0 h1:fRe9+AmYlaej+64JsEEhoWuAYBkOtQiMEU7n/XgfYi4=
modernc.org/mathutil v1.6.0/go.mod h1:Ui5Q9q1TR2gFm0AQRqQUaBWFLAhQpCwNcuhBOSedWPo=
modernc.org/memory v1.8.0 h1:IqGTL6eFMaDZZhEWwcREgeMXYwmW83LYW8cROZYkg+E=
modernc.org/memory v1.8.0/go.mod h1:XPZ936zp5OMKGWPqbD3JShgd/ZoQ7899TUuQqxY+peU=
modernc.org/sqlite v1.32.0 h1:6BM4uGza7bWypsw4fdLRsLxut6bHe4c58VeqjRgST8s=
modernc.org/sqlite v1.32.0/go.mod h1:UqoylwmTb9F+IqXERT8bW9zzOWN8qwAIcLdzeBZs4hA=
modernc.org/strutil v1.2.0 h1:agBi9dp1I+eOnxXeiZawM8F4LawKv4NzGWSaLfyeNZA=
modernc.org/strutil v1.2.0/go.mod h1:/mdcBmfOibveCTBxUl5B5l6W+TTH1FXPLHZE6bTosX0=
modernc.org/token v1.1.0 h1:Xl7Ap9dKaEs5kLoOQeQmPWevfnk/DM5qcLcYlA8ys6Y=
modernc.org/token v1.1.0/go.mod h1:UGzOrNV1mAFSEB63lOFHIpNRUVMvYTc6yu1SMY/XTDM=
